
Microsoft Visual Studio Solution File, Format Version 12.00
# Visual Studio Version 16
VisualStudioVersion = 16.0.31624.102
MinimumVisualStudioVersion = 10.0.40219.1
Project("{FAE04EC0-301F-11D3-BF4B-00C04F79EFBC}") = "Prog1", "Prog1\Prog1.csproj", "{11F0D371-64EF-4B94-93F7-C3336A23C6A7}"
EndProject
Global
	GlobalSection(SolutionConfigurationPlatforms) = preSolution
		Debug|Any CPU = Debug|Any CPU
		Release|Any CPU = Release|Any CPU
	EndGlobalSection
	GlobalSection(ProjectConfigurationPlatforms) = postSolution
		{11F0D371-64EF-4B94-93F7-C3336A23C6A7}.Debug|Any CPU.ActiveCfg = Debug|Any CPU
		{11F0D371-64EF-4B94-93F7-C3336A23C6A7}.Debug|Any CPU.Build.0 = Debug|Any CPU
		{11F0D371-64EF-4B94-93F7-C3336A23C6A7}.Release|Any CPU.ActiveCfg = Release|Any CPU
		{11F0D371-64EF-4B94-93F7-C3336A23C6A7}.Release|Any CPU.Build.0 = Release|Any CPU
	EndGlobalSection
	GlobalSection(SolutionProperties) = preSolution
		HideSolutionNode = FALSE
	EndGlobalSection
	GlobalSection(ExtensibilityGlobals) = postSolution
		SolutionGuid = {68A3E336-36FF-43F4-8869-A25DFEC6C17B}
	EndGlobalSection
EndGlobal
